# This file is automatically generated by uv.
# To update, run: uv lock

[package]
name = "garmin-mcp"
version = "0.1.0"
description = "Garmin Connect MCP Server"
requires-python = ">=3.11"
dependencies = [
    "garminconnect>=0.2.25",
    "mcp[cli]>=1.3.0",
    "readchar>=4.2.1",
]

[metadata]
requires-dist = [
    "garminconnect>=0.2.25",
    "mcp[cli]>=1.3.0",
    "readchar>=4.2.1",
]
